
Microsoft Visual Studio Solution File, Format Version 12.00
# Visual Studio Version 17
VisualStudioVersion = 17.2.32616.157
MinimumVisualStudioVersion = 10.0.40219.1
Project("{9A19103F-16F7-4668-BE54-9A1E7A4F7556}") = "UKMCAB.Web.UI", "UKMCAB.Web.UI\UKMCAB.Web.UI.csproj", "{B1ECA24D-1BA3-44D8-8F0F-27E4653F4E1B}"
EndProject
Project("{9A19103F-16F7-4668-BE54-9A1E7A4F7556}") = "UKMCAB.Common", "UKMCAB.Common\UKMCAB.Common.csproj", "{F3DE8CEC-31CD-477F-A01D-10BEB60F4037}"
EndProject
Project("{9A19103F-16F7-4668-BE54-9A1E7A4F7556}") = "UKMCAB.Core", "UKMCAB.Core\UKMCAB.Core.csproj", "{4FBE68D9-E0ED-40C0-B06E-11F28EA9D2E5}"
EndProject
Project("{9A19103F-16F7-4668-BE54-9A1E7A4F7556}") = "UKMCAB.Infrastructure", "UKMCAB.Infrastructure\UKMCAB.Infrastructure.csproj", "{E3EA9C4A-4305-4ADC-B5C7-4B0F1F5E6465}"
EndProject
Project("{9A19103F-16F7-4668-BE54-9A1E7A4F7556}") = "UKMCAB.Data", "UKMCAB.Data\UKMCAB.Data.csproj", "{3527A3E7-E932-45F7-93F6-BD7C11DB41BB}"
EndProject
Project("{2150E333-8FDC-42A3-9474-1A3956D46DE8}") = "Data model", "Data model", "{DC77A271-C27C-419C-B8E7-ED1DD1DA51CB}"
	ProjectSection(SolutionItems) = preProject
		cab.json = cab.json
		cab.xml = cab.xml
		cab.xsd = cab.xsd
	EndProjectSection
	ProjectSection(FolderGlobals) = preProject
		C_5_4Beis_4ukmcab_4src_4cab_1json__JsonSchema = https://cdn.jsdelivr.net/gh/roadrunner-server/roadrunner@latest/schemas/config/2.0.schema.json
	EndProjectSection
EndProject
Project("{9A19103F-16F7-4668-BE54-9A1E7A4F7556}") = "UKMCAB.Web", "UKMCAB.Web\UKMCAB.Web.csproj", "{281C2A77-2FC6-4537-BCB6-5EFD54D2B759}"
EndProject
Project("{2150E333-8FDC-42A3-9474-1A3956D46DE8}") = "docs", "docs", "{1D2146B5-DC6D-423C-B2C2-8C34CE2F3C6B}"
	ProjectSection(SolutionItems) = preProject
		Architecture.md = Architecture.md
		Branching-Strategy.md = Branching-Strategy.md
		CodeReviewChecklist.md = CodeReviewChecklist.md
		ExceptionHandling.md = ExceptionHandling.md
		notes.md = notes.md
		NuGetPackageSourceSetup.md = NuGetPackageSourceSetup.md
		releases.md = releases.md
	EndProjectSection
EndProject
Project("{9A19103F-16F7-4668-BE54-9A1E7A4F7556}") = "UKMCAB.Web.UI.Tests", "UKMCAB.Web.UI.Tests\UKMCAB.Web.UI.Tests.csproj", "{47CC3489-92AB-4B26-AD63-1332F507A342}"
EndProject
Project("{9A19103F-16F7-4668-BE54-9A1E7A4F7556}") = "UKMCAB.Core.Tests", "UKMCAB.Core.Tests\UKMCAB.Core.Tests.csproj", "{6FD50B29-41E8-4FD0-BC6B-7E8F3359818B}"
EndProject
Project("{9A19103F-16F7-4668-BE54-9A1E7A4F7556}") = "UKMCAB.Common.Tests", "UKMCAB.Common.Tests\UKMCAB.Common.Tests.csproj", "{6591CAA0-AA9B-41AC-93DB-ECD9F12E228A}"
EndProject
Project("{9A19103F-16F7-4668-BE54-9A1E7A4F7556}") = "UKMCAB.Data.Tests", "UKMCAB.Data.Tests\UKMCAB.Data.Tests.csproj", "{F2CD8EA5-FA9D-44A2-A2F1-295090E84A5F}"
EndProject
Project("{9A19103F-16F7-4668-BE54-9A1E7A4F7556}") = "UKMCAB.Infrastructure.Tests", "UKMCAB.Infrastructure.Tests\UKMCAB.Infrastructure.Tests.csproj", "{6332E037-69B8-4FD6-A8B6-F1490858892A}"
EndProject
Project("{9A19103F-16F7-4668-BE54-9A1E7A4F7556}") = "UKMCAB.Web.Tests", "UKMCAB.Web.Tests\UKMCAB.Web.Tests.csproj", "{669114EE-C869-4E0B-B002-FDB532737BF8}"
EndProject
Project("{2150E333-8FDC-42A3-9474-1A3956D46DE8}") = "Utilities", "Utilities", "{B8194A16-8B2A-4766-AF4C-4D2635DB5E4A}"
EndProject
Project("{9A19103F-16F7-4668-BE54-9A1E7A4F7556}") = "UKMCAB.Utilities.StorageDataJsonIdGenerator", "UKMCAB.Utilities.StorageDataJsonIdGenerator\UKMCAB.Utilities.StorageDataJsonIdGenerator.csproj", "{6A950BC2-CB00-464A-9F98-F765527D4FE9}"
EndProject
Project("{2150E333-8FDC-42A3-9474-1A3956D46DE8}") = "!Docker-Compose", "!Docker-Compose", "{02EA681E-C7D8-13C7-8484-4AC65E1B71E8}"
EndProject
Project("{E53339B2-1760-4266-BCC7-CA923CBCF16C}") = "docker-compose", "docker-compose.dcproj", "{457CD213-4702-4FA9-B85B-208CA1C1FB73}"
EndProject
Project("{2150E333-8FDC-42A3-9474-1A3956D46DE8}") = "SolutionItems", "SolutionItems", "{F1887C8A-CD77-4EA6-B55B-EEF440C93721}"
EndProject
Project("{FAE04EC0-301F-11D3-BF4B-00C04F79EFBC}") = "UKMCAB.Subscriptions.Core", "UKMCAB.Subscriptions.Core\UKMCAB.Subscriptions.Core.csproj", "{CFA0A9A9-5D40-EC26-7281-A1990187970A}"
EndProject
Project("{FAE04EC0-301F-11D3-BF4B-00C04F79EFBC}") = "UKMCAB.Subscriptions.Test", "UKMCAB.Subscriptions.Test\UKMCAB.Subscriptions.Test.csproj", "{2329A584-FB18-19CD-7403-22723F1A362E}"
EndProject
Global
	GlobalSection(SolutionConfigurationPlatforms) = preSolution
		Debug|Any CPU = Debug|Any CPU
		Release|Any CPU = Release|Any CPU
	EndGlobalSection
	GlobalSection(ProjectConfigurationPlatforms) = postSolution
		{B1ECA24D-1BA3-44D8-8F0F-27E4653F4E1B}.Debug|Any CPU.ActiveCfg = Debug|Any CPU
		{B1ECA24D-1BA3-44D8-8F0F-27E4653F4E1B}.Debug|Any CPU.Build.0 = Debug|Any CPU
		{B1ECA24D-1BA3-44D8-8F0F-27E4653F4E1B}.Release|Any CPU.ActiveCfg = Release|Any CPU
		{B1ECA24D-1BA3-44D8-8F0F-27E4653F4E1B}.Release|Any CPU.Build.0 = Release|Any CPU
		{F3DE8CEC-31CD-477F-A01D-10BEB60F4037}.Debug|Any CPU.ActiveCfg = Debug|Any CPU
		{F3DE8CEC-31CD-477F-A01D-10BEB60F4037}.Debug|Any CPU.Build.0 = Debug|Any CPU
		{F3DE8CEC-31CD-477F-A01D-10BEB60F4037}.Release|Any CPU.ActiveCfg = Release|Any CPU
		{F3DE8CEC-31CD-477F-A01D-10BEB60F4037}.Release|Any CPU.Build.0 = Release|Any CPU
		{4FBE68D9-E0ED-40C0-B06E-11F28EA9D2E5}.Debug|Any CPU.ActiveCfg = Debug|Any CPU
		{4FBE68D9-E0ED-40C0-B06E-11F28EA9D2E5}.Debug|Any CPU.Build.0 = Debug|Any CPU
		{4FBE68D9-E0ED-40C0-B06E-11F28EA9D2E5}.Release|Any CPU.ActiveCfg = Release|Any CPU
		{4FBE68D9-E0ED-40C0-B06E-11F28EA9D2E5}.Release|Any CPU.Build.0 = Release|Any CPU
		{E3EA9C4A-4305-4ADC-B5C7-4B0F1F5E6465}.Debug|Any CPU.ActiveCfg = Debug|Any CPU
		{E3EA9C4A-4305-4ADC-B5C7-4B0F1F5E6465}.Debug|Any CPU.Build.0 = Debug|Any CPU
		{E3EA9C4A-4305-4ADC-B5C7-4B0F1F5E6465}.Release|Any CPU.ActiveCfg = Release|Any CPU
		{E3EA9C4A-4305-4ADC-B5C7-4B0F1F5E6465}.Release|Any CPU.Build.0 = Release|Any CPU
		{3527A3E7-E932-45F7-93F6-BD7C11DB41BB}.Debug|Any CPU.ActiveCfg = Debug|Any CPU
		{3527A3E7-E932-45F7-93F6-BD7C11DB41BB}.Debug|Any CPU.Build.0 = Debug|Any CPU
		{3527A3E7-E932-45F7-93F6-BD7C11DB41BB}.Release|Any CPU.ActiveCfg = Release|Any CPU
		{3527A3E7-E932-45F7-93F6-BD7C11DB41BB}.Release|Any CPU.Build.0 = Release|Any CPU
		{281C2A77-2FC6-4537-BCB6-5EFD54D2B759}.Debug|Any CPU.ActiveCfg = Debug|Any CPU
		{281C2A77-2FC6-4537-BCB6-5EFD54D2B759}.Debug|Any CPU.Build.0 = Debug|Any CPU
		{281C2A77-2FC6-4537-BCB6-5EFD54D2B759}.Release|Any CPU.ActiveCfg = Release|Any CPU
		{281C2A77-2FC6-4537-BCB6-5EFD54D2B759}.Release|Any CPU.Build.0 = Release|Any CPU
		{47CC3489-92AB-4B26-AD63-1332F507A342}.Debug|Any CPU.ActiveCfg = Debug|Any CPU
		{47CC3489-92AB-4B26-AD63-1332F507A342}.Debug|Any CPU.Build.0 = Debug|Any CPU
		{47CC3489-92AB-4B26-AD63-1332F507A342}.Release|Any CPU.ActiveCfg = Release|Any CPU
		{47CC3489-92AB-4B26-AD63-1332F507A342}.Release|Any CPU.Build.0 = Release|Any CPU
		{6FD50B29-41E8-4FD0-BC6B-7E8F3359818B}.Debug|Any CPU.ActiveCfg = Debug|Any CPU
		{6FD50B29-41E8-4FD0-BC6B-7E8F3359818B}.Debug|Any CPU.Build.0 = Debug|Any CPU
		{6FD50B29-41E8-4FD0-BC6B-7E8F3359818B}.Release|Any CPU.ActiveCfg = Release|Any CPU
		{6FD50B29-41E8-4FD0-BC6B-7E8F3359818B}.Release|Any CPU.Build.0 = Release|Any CPU
		{6591CAA0-AA9B-41AC-93DB-ECD9F12E228A}.Debug|Any CPU.ActiveCfg = Debug|Any CPU
		{6591CAA0-AA9B-41AC-93DB-ECD9F12E228A}.Debug|Any CPU.Build.0 = Debug|Any CPU
		{6591CAA0-AA9B-41AC-93DB-ECD9F12E228A}.Release|Any CPU.ActiveCfg = Release|Any CPU
		{6591CAA0-AA9B-41AC-93DB-ECD9F12E228A}.Release|Any CPU.Build.0 = Release|Any CPU
		{F2CD8EA5-FA9D-44A2-A2F1-295090E84A5F}.Debug|Any CPU.ActiveCfg = Debug|Any CPU
		{F2CD8EA5-FA9D-44A2-A2F1-295090E84A5F}.Debug|Any CPU.Build.0 = Debug|Any CPU
		{F2CD8EA5-FA9D-44A2-A2F1-295090E84A5F}.Release|Any CPU.ActiveCfg = Release|Any CPU
		{F2CD8EA5-FA9D-44A2-A2F1-295090E84A5F}.Release|Any CPU.Build.0 = Release|Any CPU
		{6332E037-69B8-4FD6-A8B6-F1490858892A}.Debug|Any CPU.ActiveCfg = Debug|Any CPU
		{6332E037-69B8-4FD6-A8B6-F1490858892A}.Debug|Any CPU.Build.0 = Debug|Any CPU
		{6332E037-69B8-4FD6-A8B6-F1490858892A}.Release|Any CPU.ActiveCfg = Release|Any CPU
		{6332E037-69B8-4FD6-A8B6-F1490858892A}.Release|Any CPU.Build.0 = Release|Any CPU
		{669114EE-C869-4E0B-B002-FDB532737BF8}.Debug|Any CPU.ActiveCfg = Debug|Any CPU
		{669114EE-C869-4E0B-B002-FDB532737BF8}.Debug|Any CPU.Build.0 = Debug|Any CPU
		{669114EE-C869-4E0B-B002-FDB532737BF8}.Release|Any CPU.ActiveCfg = Release|Any CPU
		{669114EE-C869-4E0B-B002-FDB532737BF8}.Release|Any CPU.Build.0 = Release|Any CPU
		{6A950BC2-CB00-464A-9F98-F765527D4FE9}.Debug|Any CPU.ActiveCfg = Debug|Any CPU
		{6A950BC2-CB00-464A-9F98-F765527D4FE9}.Debug|Any CPU.Build.0 = Debug|Any CPU
		{6A950BC2-CB00-464A-9F98-F765527D4FE9}.Release|Any CPU.ActiveCfg = Release|Any CPU
		{6A950BC2-CB00-464A-9F98-F765527D4FE9}.Release|Any CPU.Build.0 = Release|Any CPU
		{457CD213-4702-4FA9-B85B-208CA1C1FB73}.Debug|Any CPU.ActiveCfg = Debug|Any CPU
		{457CD213-4702-4FA9-B85B-208CA1C1FB73}.Debug|Any CPU.Build.0 = Debug|Any CPU
		{457CD213-4702-4FA9-B85B-208CA1C1FB73}.Release|Any CPU.ActiveCfg = Release|Any CPU
		{457CD213-4702-4FA9-B85B-208CA1C1FB73}.Release|Any CPU.Build.0 = Release|Any CPU
		{CFA0A9A9-5D40-EC26-7281-A1990187970A}.Debug|Any CPU.ActiveCfg = Debug|Any CPU
		{CFA0A9A9-5D40-EC26-7281-A1990187970A}.Debug|Any CPU.Build.0 = Debug|Any CPU
		{CFA0A9A9-5D40-EC26-7281-A1990187970A}.Release|Any CPU.ActiveCfg = Release|Any CPU
		{CFA0A9A9-5D40-EC26-7281-A1990187970A}.Release|Any CPU.Build.0 = Release|Any CPU
		{2329A584-FB18-19CD-7403-22723F1A362E}.Debug|Any CPU.ActiveCfg = Debug|Any CPU
		{2329A584-FB18-19CD-7403-22723F1A362E}.Debug|Any CPU.Build.0 = Debug|Any CPU
		{2329A584-FB18-19CD-7403-22723F1A362E}.Release|Any CPU.ActiveCfg = Release|Any CPU
		{2329A584-FB18-19CD-7403-22723F1A362E}.Release|Any CPU.Build.0 = Release|Any CPU
	EndGlobalSection
	GlobalSection(SolutionProperties) = preSolution
		HideSolutionNode = FALSE
	EndGlobalSection
	GlobalSection(NestedProjects) = preSolution
		{6A950BC2-CB00-464A-9F98-F765527D4FE9} = {B8194A16-8B2A-4766-AF4C-4D2635DB5E4A}
		{457CD213-4702-4FA9-B85B-208CA1C1FB73} = {02EA681E-C7D8-13C7-8484-4AC65E1B71E8}
	EndGlobalSection
	GlobalSection(ExtensibilityGlobals) = postSolution
		SolutionGuid = {DA0ABEBD-CA12-4DCC-9FA1-C56449C1E2E2}
	EndGlobalSection
EndGlobal
